
Microsoft Visual Studio Solution File, Format Version 12.00
# Visual Studio Version 17
VisualStudioVersion = 17.12.35527.113 d17.12
MinimumVisualStudioVersion = 10.0.40219.1
Project("{FAE04EC0-301F-11D3-BF4B-00C04F79EFBC}") = "While", "While\While.csproj", "{C36C6167-F05D-4DD5-8A77-D46039672ADC}"
EndProject
Global
	GlobalSection(SolutionConfigurationPlatforms) = preSolution
		Debug|Any CPU = Debug|Any CPU
		Release|Any CPU = Release|Any CPU
	EndGlobalSection
	GlobalSection(ProjectConfigurationPlatforms) = postSolution
		{C36C6167-F05D-4DD5-8A77-D46039672ADC}.Debug|Any CPU.ActiveCfg = Debug|Any CPU
		{C36C6167-F05D-4DD5-8A77-D46039672ADC}.Debug|Any CPU.Build.0 = Debug|Any CPU
		{C36C6167-F05D-4DD5-8A77-D46039672ADC}.Release|Any CPU.ActiveCfg = Release|Any CPU
		{C36C6167-F05D-4DD5-8A77-D46039672ADC}.Release|Any CPU.Build.0 = Release|Any CPU
	EndGlobalSection
	GlobalSection(SolutionProperties) = preSolution
		HideSolutionNode = FALSE
	EndGlobalSection
EndGlobal
